
Microsoft Visual Studio Solution File, Format Version 12.00
# Visual Studio Version 17
VisualStudioVersion = 17.0.31903.59
MinimumVisualStudioVersion = 10.0.40219.1
Project("{FAE04EC0-301F-11D3-BF4B-00C04F79EFBC}") = "RabbitSubscriber", "RabbitSubscriber\RabbitSubscriber.csproj", "{8940D957-5306-4D66-8030-D2F30AB9B7B7}"
EndProject
Project("{FAE04EC0-301F-11D3-BF4B-00C04F79EFBC}") = "RabbitSubscriber.Tests", "RabbitSubscriber.Tests\RabbitSubscriber.Tests.csproj", "{73A2BA23-74B5-4E80-A6B4-DEB1DEE29A0A}"
EndProject
Global
	GlobalSection(SolutionConfigurationPlatforms) = preSolution
		Debug|Any CPU = Debug|Any CPU
		Debug|x64 = Debug|x64
		Debug|x86 = Debug|x86
		Release|Any CPU = Release|Any CPU
		Release|x64 = Release|x64
		Release|x86 = Release|x86
	EndGlobalSection
	GlobalSection(ProjectConfigurationPlatforms) = postSolution
		{8940D957-5306-4D66-8030-D2F30AB9B7B7}.Debug|Any CPU.ActiveCfg = Debug|Any CPU
		{8940D957-5306-4D66-8030-D2F30AB9B7B7}.Debug|Any CPU.Build.0 = Debug|Any CPU
		{8940D957-5306-4D66-8030-D2F30AB9B7B7}.Debug|x64.ActiveCfg = Debug|Any CPU
		{8940D957-5306-4D66-8030-D2F30AB9B7B7}.Debug|x64.Build.0 = Debug|Any CPU
		{8940D957-5306-4D66-8030-D2F30AB9B7B7}.Debug|x86.ActiveCfg = Debug|Any CPU
		{8940D957-5306-4D66-8030-D2F30AB9B7B7}.Debug|x86.Build.0 = Debug|Any CPU
		{8940D957-5306-4D66-8030-D2F30AB9B7B7}.Release|Any CPU.ActiveCfg = Release|Any CPU
		{8940D957-5306-4D66-8030-D2F30AB9B7B7}.Release|Any CPU.Build.0 = Release|Any CPU
		{8940D957-5306-4D66-8030-D2F30AB9B7B7}.Release|x64.ActiveCfg = Release|Any CPU
		{8940D957-5306-4D66-8030-D2F30AB9B7B7}.Release|x64.Build.0 = Release|Any CPU
		{8940D957-5306-4D66-8030-D2F30AB9B7B7}.Release|x86.ActiveCfg = Release|Any CPU
		{8940D957-5306-4D66-8030-D2F30AB9B7B7}.Release|x86.Build.0 = Release|Any CPU
		{73A2BA23-74B5-4E80-A6B4-DEB1DEE29A0A}.Debug|Any CPU.ActiveCfg = Debug|Any CPU
		{73A2BA23-74B5-4E80-A6B4-DEB1DEE29A0A}.Debug|Any CPU.Build.0 = Debug|Any CPU
		{73A2BA23-74B5-4E80-A6B4-DEB1DEE29A0A}.Debug|x64.ActiveCfg = Debug|Any CPU
		{73A2BA23-74B5-4E80-A6B4-DEB1DEE29A0A}.Debug|x64.Build.0 = Debug|Any CPU
		{73A2BA23-74B5-4E80-A6B4-DEB1DEE29A0A}.Debug|x86.ActiveCfg = Debug|Any CPU
		{73A2BA23-74B5-4E80-A6B4-DEB1DEE29A0A}.Debug|x86.Build.0 = Debug|Any CPU
		{73A2BA23-74B5-4E80-A6B4-DEB1DEE29A0A}.Release|Any CPU.ActiveCfg = Release|Any CPU
		{73A2BA23-74B5-4E80-A6B4-DEB1DEE29A0A}.Release|Any CPU.Build.0 = Release|Any CPU
		{73A2BA23-74B5-4E80-A6B4-DEB1DEE29A0A}.Release|x64.ActiveCfg = Release|Any CPU
		{73A2BA23-74B5-4E80-A6B4-DEB1DEE29A0A}.Release|x64.Build.0 = Release|Any CPU
		{73A2BA23-74B5-4E80-A6B4-DEB1DEE29A0A}.Release|x86.ActiveCfg = Release|Any CPU
		{73A2BA23-74B5-4E80-A6B4-DEB1DEE29A0A}.Release|x86.Build.0 = Release|Any CPU
	EndGlobalSection
	GlobalSection(SolutionProperties) = preSolution
		HideSolutionNode = FALSE
	EndGlobalSection
EndGlobal
