
Microsoft Visual Studio Solution File, Format Version 12.00
# Visual Studio Version 17
VisualStudioVersion = 17.0.31903.59
MinimumVisualStudioVersion = 10.0.40219.1
Project("{FAE04EC0-301F-11D3-BF4B-00C04F79EFBC}") = "CircuitBreaker", "CircuitBreaker\CircuitBreaker.csproj", "{7F971962-8B86-4484-814B-226412FA2E64}"
EndProject
Project("{FAE04EC0-301F-11D3-BF4B-00C04F79EFBC}") = "CircuitBreaker.Tests", "CircuitBreaker.Tests\CircuitBreaker.Tests.csproj", "{A9872D1F-FA86-4E05-911D-7E05539EED9A}"
EndProject
Global
	GlobalSection(SolutionConfigurationPlatforms) = preSolution
		Debug|Any CPU = Debug|Any CPU
		Release|Any CPU = Release|Any CPU
	EndGlobalSection
	GlobalSection(SolutionProperties) = preSolution
		HideSolutionNode = FALSE
	EndGlobalSection
	GlobalSection(ProjectConfigurationPlatforms) = postSolution
		{7F971962-8B86-4484-814B-226412FA2E64}.Debug|Any CPU.ActiveCfg = Debug|Any CPU
		{7F971962-8B86-4484-814B-226412FA2E64}.Debug|Any CPU.Build.0 = Debug|Any CPU
		{7F971962-8B86-4484-814B-226412FA2E64}.Release|Any CPU.ActiveCfg = Release|Any CPU
		{7F971962-8B86-4484-814B-226412FA2E64}.Release|Any CPU.Build.0 = Release|Any CPU
		{A9872D1F-FA86-4E05-911D-7E05539EED9A}.Debug|Any CPU.ActiveCfg = Debug|Any CPU
		{A9872D1F-FA86-4E05-911D-7E05539EED9A}.Debug|Any CPU.Build.0 = Debug|Any CPU
		{A9872D1F-FA86-4E05-911D-7E05539EED9A}.Release|Any CPU.ActiveCfg = Release|Any CPU
		{A9872D1F-FA86-4E05-911D-7E05539EED9A}.Release|Any CPU.Build.0 = Release|Any CPU
	EndGlobalSection
EndGlobal
