
Microsoft Visual Studio Solution File, Format Version 12.00
# Visual Studio Version 17
VisualStudioVersion = 17.0.31903.59
MinimumVisualStudioVersion = 10.0.40219.1
Project("{FAE04EC0-301F-11D3-BF4B-00C04F79EFBC}") = "CircuitBreaker", "CircuitBreaker\CircuitBreaker.csproj", "{7F971962-8B86-4484-814B-226412FA2E64}"
EndProject
Project("{FAE04EC0-301F-11D3-BF4B-00C04F79EFBC}") = "CircuitBreaker.Tests", "CircuitBreaker.Tests\CircuitBreaker.Tests.csproj", "{A9872D1F-FA86-4E05-911D-7E05539EED9A}"
EndProject
Project("{FAE04EC0-301F-11D3-BF4B-00C04F79EFBC}") = "Publisher", "Publisher\Publisher.csproj", "{95913B60-2AE1-4F7C-AEEE-9FB15090559B}"
EndProject
Project("{FAE04EC0-301F-11D3-BF4B-00C04F79EFBC}") = "Subscriber", "Subscriber\Subscriber.csproj", "{E4EC541B-F9A2-4BFF-9F6D-196F0E20BD31}"
EndProject
Project("{FAE04EC0-301F-11D3-BF4B-00C04F79EFBC}") = "Publisher.Tests", "Publisher.Tests\Publisher.Tests.csproj", "{5F5F5393-DAC0-44FA-BCDD-CD5A9E93DEC6}"
EndProject
Project("{FAE04EC0-301F-11D3-BF4B-00C04F79EFBC}") = "Subscriber.Tests", "Subscriber.Tests\Subscriber.Tests.csproj", "{7B59A427-CE39-43DD-88A1-5A3085AFC2CA}"
EndProject
Project("{FAE04EC0-301F-11D3-BF4B-00C04F79EFBC}") = "RabbitPublisher", "RabbitPublisher\RabbitPublisher.csproj", "{3B78325F-4B46-4C88-9248-BAD33BB0A1A3}"
EndProject
Project("{FAE04EC0-301F-11D3-BF4B-00C04F79EFBC}") = "RabbitPublisher.Tests", "RabbitPublisher.Tests\RabbitPublisher.Tests.csproj", "{35087ED4-ADE4-40AB-BF07-AFA759E6B610}"
EndProject
Project("{FAE04EC0-301F-11D3-BF4B-00C04F79EFBC}") = "Common.Tests", "Common.Tests\Common.Tests.csproj", "{D5609D2D-4A12-47F5-BC1C-9C8EF8F5DE77}"
EndProject
Project("{FAE04EC0-301F-11D3-BF4B-00C04F79EFBC}") = "RabbitSubscriber", "RabbitSubscriber\RabbitSubscriber.csproj", "{25FB2FD2-D906-49BD-8C50-D8CA29CB1453}"
EndProject
Project("{FAE04EC0-301F-11D3-BF4B-00C04F79EFBC}") = "RabbitSubscriber.Test", "RabbitSubscriber.Test\RabbitSubscriber.Test.csproj", "{E2EE1602-7143-43A3-AE2E-3DE5D2167BD2}"
EndProject
Project("{FAE04EC0-301F-11D3-BF4B-00C04F79EFBC}") = "Common", "Common\Common.csproj", "{4EA51A29-98A5-4EDD-A2DF-3DB8B0B65732}"
EndProject
Project("{FAE04EC0-301F-11D3-BF4B-00C04F79EFBC}") = "RabbitCommon", "RabbitCommon\RabbitCommon.csproj", "{FEA0943C-82F2-45B1-9DEA-3EFF042F4F65}"
EndProject
Global
	GlobalSection(SolutionConfigurationPlatforms) = preSolution
		Debug|Any CPU = Debug|Any CPU
		Release|Any CPU = Release|Any CPU
	EndGlobalSection
	GlobalSection(SolutionProperties) = preSolution
		HideSolutionNode = FALSE
	EndGlobalSection
	GlobalSection(ProjectConfigurationPlatforms) = postSolution
		{7F971962-8B86-4484-814B-226412FA2E64}.Debug|Any CPU.ActiveCfg = Debug|Any CPU
		{7F971962-8B86-4484-814B-226412FA2E64}.Debug|Any CPU.Build.0 = Debug|Any CPU
		{7F971962-8B86-4484-814B-226412FA2E64}.Release|Any CPU.ActiveCfg = Release|Any CPU
		{7F971962-8B86-4484-814B-226412FA2E64}.Release|Any CPU.Build.0 = Release|Any CPU
		{A9872D1F-FA86-4E05-911D-7E05539EED9A}.Debug|Any CPU.ActiveCfg = Debug|Any CPU
		{A9872D1F-FA86-4E05-911D-7E05539EED9A}.Debug|Any CPU.Build.0 = Debug|Any CPU
		{A9872D1F-FA86-4E05-911D-7E05539EED9A}.Release|Any CPU.ActiveCfg = Release|Any CPU
		{A9872D1F-FA86-4E05-911D-7E05539EED9A}.Release|Any CPU.Build.0 = Release|Any CPU
		{95913B60-2AE1-4F7C-AEEE-9FB15090559B}.Debug|Any CPU.ActiveCfg = Debug|Any CPU
		{95913B60-2AE1-4F7C-AEEE-9FB15090559B}.Debug|Any CPU.Build.0 = Debug|Any CPU
		{95913B60-2AE1-4F7C-AEEE-9FB15090559B}.Release|Any CPU.ActiveCfg = Release|Any CPU
		{95913B60-2AE1-4F7C-AEEE-9FB15090559B}.Release|Any CPU.Build.0 = Release|Any CPU
		{E4EC541B-F9A2-4BFF-9F6D-196F0E20BD31}.Debug|Any CPU.ActiveCfg = Debug|Any CPU
		{E4EC541B-F9A2-4BFF-9F6D-196F0E20BD31}.Debug|Any CPU.Build.0 = Debug|Any CPU
		{E4EC541B-F9A2-4BFF-9F6D-196F0E20BD31}.Release|Any CPU.ActiveCfg = Release|Any CPU
		{E4EC541B-F9A2-4BFF-9F6D-196F0E20BD31}.Release|Any CPU.Build.0 = Release|Any CPU
		{5F5F5393-DAC0-44FA-BCDD-CD5A9E93DEC6}.Debug|Any CPU.ActiveCfg = Debug|Any CPU
		{5F5F5393-DAC0-44FA-BCDD-CD5A9E93DEC6}.Debug|Any CPU.Build.0 = Debug|Any CPU
		{5F5F5393-DAC0-44FA-BCDD-CD5A9E93DEC6}.Release|Any CPU.ActiveCfg = Release|Any CPU
		{5F5F5393-DAC0-44FA-BCDD-CD5A9E93DEC6}.Release|Any CPU.Build.0 = Release|Any CPU
		{7B59A427-CE39-43DD-88A1-5A3085AFC2CA}.Debug|Any CPU.ActiveCfg = Debug|Any CPU
		{7B59A427-CE39-43DD-88A1-5A3085AFC2CA}.Debug|Any CPU.Build.0 = Debug|Any CPU
		{7B59A427-CE39-43DD-88A1-5A3085AFC2CA}.Release|Any CPU.ActiveCfg = Release|Any CPU
		{7B59A427-CE39-43DD-88A1-5A3085AFC2CA}.Release|Any CPU.Build.0 = Release|Any CPU
		{3B78325F-4B46-4C88-9248-BAD33BB0A1A3}.Debug|Any CPU.ActiveCfg = Debug|Any CPU
		{3B78325F-4B46-4C88-9248-BAD33BB0A1A3}.Debug|Any CPU.Build.0 = Debug|Any CPU
		{3B78325F-4B46-4C88-9248-BAD33BB0A1A3}.Release|Any CPU.ActiveCfg = Release|Any CPU
		{3B78325F-4B46-4C88-9248-BAD33BB0A1A3}.Release|Any CPU.Build.0 = Release|Any CPU
		{35087ED4-ADE4-40AB-BF07-AFA759E6B610}.Debug|Any CPU.ActiveCfg = Debug|Any CPU
		{35087ED4-ADE4-40AB-BF07-AFA759E6B610}.Debug|Any CPU.Build.0 = Debug|Any CPU
		{35087ED4-ADE4-40AB-BF07-AFA759E6B610}.Release|Any CPU.ActiveCfg = Release|Any CPU
		{35087ED4-ADE4-40AB-BF07-AFA759E6B610}.Release|Any CPU.Build.0 = Release|Any CPU
		{D5609D2D-4A12-47F5-BC1C-9C8EF8F5DE77}.Debug|Any CPU.ActiveCfg = Debug|Any CPU
		{D5609D2D-4A12-47F5-BC1C-9C8EF8F5DE77}.Debug|Any CPU.Build.0 = Debug|Any CPU
		{D5609D2D-4A12-47F5-BC1C-9C8EF8F5DE77}.Release|Any CPU.ActiveCfg = Release|Any CPU
		{D5609D2D-4A12-47F5-BC1C-9C8EF8F5DE77}.Release|Any CPU.Build.0 = Release|Any CPU
		{25FB2FD2-D906-49BD-8C50-D8CA29CB1453}.Debug|Any CPU.ActiveCfg = Debug|Any CPU
		{25FB2FD2-D906-49BD-8C50-D8CA29CB1453}.Debug|Any CPU.Build.0 = Debug|Any CPU
		{25FB2FD2-D906-49BD-8C50-D8CA29CB1453}.Release|Any CPU.ActiveCfg = Release|Any CPU
		{25FB2FD2-D906-49BD-8C50-D8CA29CB1453}.Release|Any CPU.Build.0 = Release|Any CPU
		{E2EE1602-7143-43A3-AE2E-3DE5D2167BD2}.Debug|Any CPU.ActiveCfg = Debug|Any CPU
		{E2EE1602-7143-43A3-AE2E-3DE5D2167BD2}.Debug|Any CPU.Build.0 = Debug|Any CPU
		{E2EE1602-7143-43A3-AE2E-3DE5D2167BD2}.Release|Any CPU.ActiveCfg = Release|Any CPU
		{E2EE1602-7143-43A3-AE2E-3DE5D2167BD2}.Release|Any CPU.Build.0 = Release|Any CPU
		{4EA51A29-98A5-4EDD-A2DF-3DB8B0B65732}.Debug|Any CPU.ActiveCfg = Debug|Any CPU
		{4EA51A29-98A5-4EDD-A2DF-3DB8B0B65732}.Debug|Any CPU.Build.0 = Debug|Any CPU
		{4EA51A29-98A5-4EDD-A2DF-3DB8B0B65732}.Release|Any CPU.ActiveCfg = Release|Any CPU
		{4EA51A29-98A5-4EDD-A2DF-3DB8B0B65732}.Release|Any CPU.Build.0 = Release|Any CPU
		{FEA0943C-82F2-45B1-9DEA-3EFF042F4F65}.Debug|Any CPU.ActiveCfg = Debug|Any CPU
		{FEA0943C-82F2-45B1-9DEA-3EFF042F4F65}.Debug|Any CPU.Build.0 = Debug|Any CPU
		{FEA0943C-82F2-45B1-9DEA-3EFF042F4F65}.Release|Any CPU.ActiveCfg = Release|Any CPU
		{FEA0943C-82F2-45B1-9DEA-3EFF042F4F65}.Release|Any CPU.Build.0 = Release|Any CPU
	EndGlobalSection
EndGlobal
