
Microsoft Visual Studio Solution File, Format Version 12.00
# Visual Studio Version 17
VisualStudioVersion = 17.0.31903.59
MinimumVisualStudioVersion = 10.0.40219.1
Project("{FAE04EC0-301F-11D3-BF4B-00C04F79EFBC}") = "Common", "Common\Common.csproj", "{C9C9C79F-AE1A-46BC-8DF8-4C64FA2F138C}"
EndProject
Project("{FAE04EC0-301F-11D3-BF4B-00C04F79EFBC}") = "Common.Tests", "Common.Tests\Common.Tests.csproj", "{8841CA4B-49C8-4AA2-B8DD-9E669651C80B}"
EndProject
Global
	GlobalSection(SolutionConfigurationPlatforms) = preSolution
		Debug|Any CPU = Debug|Any CPU
		Debug|x64 = Debug|x64
		Debug|x86 = Debug|x86
		Release|Any CPU = Release|Any CPU
		Release|x64 = Release|x64
		Release|x86 = Release|x86
	EndGlobalSection
	GlobalSection(ProjectConfigurationPlatforms) = postSolution
		{C9C9C79F-AE1A-46BC-8DF8-4C64FA2F138C}.Debug|Any CPU.ActiveCfg = Debug|Any CPU
		{C9C9C79F-AE1A-46BC-8DF8-4C64FA2F138C}.Debug|Any CPU.Build.0 = Debug|Any CPU
		{C9C9C79F-AE1A-46BC-8DF8-4C64FA2F138C}.Debug|x64.ActiveCfg = Debug|Any CPU
		{C9C9C79F-AE1A-46BC-8DF8-4C64FA2F138C}.Debug|x64.Build.0 = Debug|Any CPU
		{C9C9C79F-AE1A-46BC-8DF8-4C64FA2F138C}.Debug|x86.ActiveCfg = Debug|Any CPU
		{C9C9C79F-AE1A-46BC-8DF8-4C64FA2F138C}.Debug|x86.Build.0 = Debug|Any CPU
		{C9C9C79F-AE1A-46BC-8DF8-4C64FA2F138C}.Release|Any CPU.ActiveCfg = Release|Any CPU
		{C9C9C79F-AE1A-46BC-8DF8-4C64FA2F138C}.Release|Any CPU.Build.0 = Release|Any CPU
		{C9C9C79F-AE1A-46BC-8DF8-4C64FA2F138C}.Release|x64.ActiveCfg = Release|Any CPU
		{C9C9C79F-AE1A-46BC-8DF8-4C64FA2F138C}.Release|x64.Build.0 = Release|Any CPU
		{C9C9C79F-AE1A-46BC-8DF8-4C64FA2F138C}.Release|x86.ActiveCfg = Release|Any CPU
		{C9C9C79F-AE1A-46BC-8DF8-4C64FA2F138C}.Release|x86.Build.0 = Release|Any CPU
		{8841CA4B-49C8-4AA2-B8DD-9E669651C80B}.Debug|Any CPU.ActiveCfg = Debug|Any CPU
		{8841CA4B-49C8-4AA2-B8DD-9E669651C80B}.Debug|Any CPU.Build.0 = Debug|Any CPU
		{8841CA4B-49C8-4AA2-B8DD-9E669651C80B}.Debug|x64.ActiveCfg = Debug|Any CPU
		{8841CA4B-49C8-4AA2-B8DD-9E669651C80B}.Debug|x64.Build.0 = Debug|Any CPU
		{8841CA4B-49C8-4AA2-B8DD-9E669651C80B}.Debug|x86.ActiveCfg = Debug|Any CPU
		{8841CA4B-49C8-4AA2-B8DD-9E669651C80B}.Debug|x86.Build.0 = Debug|Any CPU
		{8841CA4B-49C8-4AA2-B8DD-9E669651C80B}.Release|Any CPU.ActiveCfg = Release|Any CPU
		{8841CA4B-49C8-4AA2-B8DD-9E669651C80B}.Release|Any CPU.Build.0 = Release|Any CPU
		{8841CA4B-49C8-4AA2-B8DD-9E669651C80B}.Release|x64.ActiveCfg = Release|Any CPU
		{8841CA4B-49C8-4AA2-B8DD-9E669651C80B}.Release|x64.Build.0 = Release|Any CPU
		{8841CA4B-49C8-4AA2-B8DD-9E669651C80B}.Release|x86.ActiveCfg = Release|Any CPU
		{8841CA4B-49C8-4AA2-B8DD-9E669651C80B}.Release|x86.Build.0 = Release|Any CPU
	EndGlobalSection
	GlobalSection(SolutionProperties) = preSolution
		HideSolutionNode = FALSE
	EndGlobalSection
EndGlobal
