
Microsoft Visual Studio Solution File, Format Version 12.00
# Visual Studio Version 17
VisualStudioVersion = 17.0.31903.59
MinimumVisualStudioVersion = 10.0.40219.1
Project("{FAE04EC0-301F-11D3-BF4B-00C04F79EFBC}") = "CircuitBreaker", "..\CircuitBreaker.sln\CircuitBreaker\CircuitBreaker.csproj", "{0A4C0220-5FDF-4C46-B0D9-229A089C2EA7}"
EndProject
Project("{FAE04EC0-301F-11D3-BF4B-00C04F79EFBC}") = "CircuitBreaker.Tests", "..\CircuitBreaker.sln\CircuitBreaker.Tests\CircuitBreaker.Tests.csproj", "{7A9F119A-C31C-4ED8-A5EC-9424FA775553}"
EndProject
Project("{FAE04EC0-301F-11D3-BF4B-00C04F79EFBC}") = "Common", "..\Common.sln\Common\Common.csproj", "{4AAC298B-28D0-44F3-BB90-A6AAABFA5F30}"
EndProject
Project("{FAE04EC0-301F-11D3-BF4B-00C04F79EFBC}") = "Common.Tests", "..\Common.sln\Common.Tests\Common.Tests.csproj", "{360352D7-94A0-4201-8FC8-D277385F7AB9}"
EndProject
Project("{FAE04EC0-301F-11D3-BF4B-00C04F79EFBC}") = "Observability", "..\Observability.sln\Observability\Observability.csproj", "{41417122-0C36-473B-BC2F-F438AD9BA168}"
EndProject
Project("{FAE04EC0-301F-11D3-BF4B-00C04F79EFBC}") = "Observability.Tests", "..\Observability.sln\Observability.Tests\Observability.Tests.csproj", "{B8145961-A52C-4F40-AE1B-40FD6AE80410}"
EndProject
Project("{FAE04EC0-301F-11D3-BF4B-00C04F79EFBC}") = "Pool", "..\Pool.sln\Pool\Pool.csproj", "{558259B5-5AAE-48A3-A3D5-0F4A0A419B71}"
EndProject
Project("{FAE04EC0-301F-11D3-BF4B-00C04F79EFBC}") = "Pool.Tests", "..\Pool.sln\Pool.Tests\Pool.Tests.csproj", "{8F35D34C-301F-4C90-AC48-03D72766865F}"
EndProject
Project("{FAE04EC0-301F-11D3-BF4B-00C04F79EFBC}") = "Publisher", "..\Publisher.sln\Publisher\Publisher.csproj", "{2E375A27-2E80-441F-A93B-2EA352CD6AEC}"
EndProject
Project("{FAE04EC0-301F-11D3-BF4B-00C04F79EFBC}") = "Publisher.Tests", "..\Publisher.sln\Publisher.Tests\Publisher.Tests.csproj", "{C986A21B-583C-4740-98AF-307B28FF8C69}"
EndProject
Project("{FAE04EC0-301F-11D3-BF4B-00C04F79EFBC}") = "RabbitCommon", "..\RabbitCommon.sln\RabbitCommon\RabbitCommon.csproj", "{5DCBFB4C-FD5C-448D-B6AA-98B5032F4E60}"
EndProject
Project("{FAE04EC0-301F-11D3-BF4B-00C04F79EFBC}") = "RabbitCommon.Tests", "..\RabbitCommon.sln\RabbitCommon.Tests\RabbitCommon.Tests.csproj", "{BCC172BD-DDA0-4159-B3B4-35A10049B181}"
EndProject
Project("{FAE04EC0-301F-11D3-BF4B-00C04F79EFBC}") = "RabbitPublisher", "..\RabbitPublisher.sln\RabbitPublisher\RabbitPublisher.csproj", "{86778628-43D5-44B3-A62E-698DF368E146}"
EndProject
Project("{FAE04EC0-301F-11D3-BF4B-00C04F79EFBC}") = "RabbitPublisher.Tests", "..\RabbitPublisher.sln\RabbitPublisher.Tests\RabbitPublisher.Tests.csproj", "{66085BD6-5330-43D3-9E9C-351DFC9235B8}"
EndProject
Project("{FAE04EC0-301F-11D3-BF4B-00C04F79EFBC}") = "RabbitSubscriber", "..\RabbitSubscriber.sln\RabbitSubscriber\RabbitSubscriber.csproj", "{7CF5007B-E91B-40E6-8721-E0A3B9BD2CAD}"
EndProject
Project("{FAE04EC0-301F-11D3-BF4B-00C04F79EFBC}") = "RabbitSubscriber.Tests", "..\RabbitSubscriber.sln\RabbitSubscriber.Tests\RabbitSubscriber.Tests.csproj", "{32BF90FC-7696-4A19-8BFE-FFC1040203E6}"
EndProject
Project("{FAE04EC0-301F-11D3-BF4B-00C04F79EFBC}") = "Subscriber", "..\Subscriber.sln\Subscriber\Subscriber.csproj", "{FB4773A9-34B9-448B-89C9-056F737F5FF2}"
EndProject
Project("{FAE04EC0-301F-11D3-BF4B-00C04F79EFBC}") = "Subscriber.Tests", "..\Subscriber.sln\Subscriber.Tests\Subscriber.Tests.csproj", "{1CC353FE-63E6-45FA-8D40-5C6A3E492576}"
EndProject
Global
	GlobalSection(SolutionConfigurationPlatforms) = preSolution
		Debug|Any CPU = Debug|Any CPU
		Debug|x64 = Debug|x64
		Debug|x86 = Debug|x86
		Release|Any CPU = Release|Any CPU
		Release|x64 = Release|x64
		Release|x86 = Release|x86
	EndGlobalSection
	GlobalSection(ProjectConfigurationPlatforms) = postSolution
		{0A4C0220-5FDF-4C46-B0D9-229A089C2EA7}.Debug|Any CPU.ActiveCfg = Debug|Any CPU
		{0A4C0220-5FDF-4C46-B0D9-229A089C2EA7}.Debug|Any CPU.Build.0 = Debug|Any CPU
		{0A4C0220-5FDF-4C46-B0D9-229A089C2EA7}.Debug|x64.ActiveCfg = Debug|Any CPU
		{0A4C0220-5FDF-4C46-B0D9-229A089C2EA7}.Debug|x64.Build.0 = Debug|Any CPU
		{0A4C0220-5FDF-4C46-B0D9-229A089C2EA7}.Debug|x86.ActiveCfg = Debug|Any CPU
		{0A4C0220-5FDF-4C46-B0D9-229A089C2EA7}.Debug|x86.Build.0 = Debug|Any CPU
		{0A4C0220-5FDF-4C46-B0D9-229A089C2EA7}.Release|Any CPU.ActiveCfg = Release|Any CPU
		{0A4C0220-5FDF-4C46-B0D9-229A089C2EA7}.Release|Any CPU.Build.0 = Release|Any CPU
		{0A4C0220-5FDF-4C46-B0D9-229A089C2EA7}.Release|x64.ActiveCfg = Release|Any CPU
		{0A4C0220-5FDF-4C46-B0D9-229A089C2EA7}.Release|x64.Build.0 = Release|Any CPU
		{0A4C0220-5FDF-4C46-B0D9-229A089C2EA7}.Release|x86.ActiveCfg = Release|Any CPU
		{0A4C0220-5FDF-4C46-B0D9-229A089C2EA7}.Release|x86.Build.0 = Release|Any CPU
		{7A9F119A-C31C-4ED8-A5EC-9424FA775553}.Debug|Any CPU.ActiveCfg = Debug|Any CPU
		{7A9F119A-C31C-4ED8-A5EC-9424FA775553}.Debug|Any CPU.Build.0 = Debug|Any CPU
		{7A9F119A-C31C-4ED8-A5EC-9424FA775553}.Debug|x64.ActiveCfg = Debug|Any CPU
		{7A9F119A-C31C-4ED8-A5EC-9424FA775553}.Debug|x64.Build.0 = Debug|Any CPU
		{7A9F119A-C31C-4ED8-A5EC-9424FA775553}.Debug|x86.ActiveCfg = Debug|Any CPU
		{7A9F119A-C31C-4ED8-A5EC-9424FA775553}.Debug|x86.Build.0 = Debug|Any CPU
		{7A9F119A-C31C-4ED8-A5EC-9424FA775553}.Release|Any CPU.ActiveCfg = Release|Any CPU
		{7A9F119A-C31C-4ED8-A5EC-9424FA775553}.Release|Any CPU.Build.0 = Release|Any CPU
		{7A9F119A-C31C-4ED8-A5EC-9424FA775553}.Release|x64.ActiveCfg = Release|Any CPU
		{7A9F119A-C31C-4ED8-A5EC-9424FA775553}.Release|x64.Build.0 = Release|Any CPU
		{7A9F119A-C31C-4ED8-A5EC-9424FA775553}.Release|x86.ActiveCfg = Release|Any CPU
		{7A9F119A-C31C-4ED8-A5EC-9424FA775553}.Release|x86.Build.0 = Release|Any CPU
		{4AAC298B-28D0-44F3-BB90-A6AAABFA5F30}.Debug|Any CPU.ActiveCfg = Debug|Any CPU
		{4AAC298B-28D0-44F3-BB90-A6AAABFA5F30}.Debug|Any CPU.Build.0 = Debug|Any CPU
		{4AAC298B-28D0-44F3-BB90-A6AAABFA5F30}.Debug|x64.ActiveCfg = Debug|Any CPU
		{4AAC298B-28D0-44F3-BB90-A6AAABFA5F30}.Debug|x64.Build.0 = Debug|Any CPU
		{4AAC298B-28D0-44F3-BB90-A6AAABFA5F30}.Debug|x86.ActiveCfg = Debug|Any CPU
		{4AAC298B-28D0-44F3-BB90-A6AAABFA5F30}.Debug|x86.Build.0 = Debug|Any CPU
		{4AAC298B-28D0-44F3-BB90-A6AAABFA5F30}.Release|Any CPU.ActiveCfg = Release|Any CPU
		{4AAC298B-28D0-44F3-BB90-A6AAABFA5F30}.Release|Any CPU.Build.0 = Release|Any CPU
		{4AAC298B-28D0-44F3-BB90-A6AAABFA5F30}.Release|x64.ActiveCfg = Release|Any CPU
		{4AAC298B-28D0-44F3-BB90-A6AAABFA5F30}.Release|x64.Build.0 = Release|Any CPU
		{4AAC298B-28D0-44F3-BB90-A6AAABFA5F30}.Release|x86.ActiveCfg = Release|Any CPU
		{4AAC298B-28D0-44F3-BB90-A6AAABFA5F30}.Release|x86.Build.0 = Release|Any CPU
		{360352D7-94A0-4201-8FC8-D277385F7AB9}.Debug|Any CPU.ActiveCfg = Debug|Any CPU
		{360352D7-94A0-4201-8FC8-D277385F7AB9}.Debug|Any CPU.Build.0 = Debug|Any CPU
		{360352D7-94A0-4201-8FC8-D277385F7AB9}.Debug|x64.ActiveCfg = Debug|Any CPU
		{360352D7-94A0-4201-8FC8-D277385F7AB9}.Debug|x64.Build.0 = Debug|Any CPU
		{360352D7-94A0-4201-8FC8-D277385F7AB9}.Debug|x86.ActiveCfg = Debug|Any CPU
		{360352D7-94A0-4201-8FC8-D277385F7AB9}.Debug|x86.Build.0 = Debug|Any CPU
		{360352D7-94A0-4201-8FC8-D277385F7AB9}.Release|Any CPU.ActiveCfg = Release|Any CPU
		{360352D7-94A0-4201-8FC8-D277385F7AB9}.Release|Any CPU.Build.0 = Release|Any CPU
		{360352D7-94A0-4201-8FC8-D277385F7AB9}.Release|x64.ActiveCfg = Release|Any CPU
		{360352D7-94A0-4201-8FC8-D277385F7AB9}.Release|x64.Build.0 = Release|Any CPU
		{360352D7-94A0-4201-8FC8-D277385F7AB9}.Release|x86.ActiveCfg = Release|Any CPU
		{360352D7-94A0-4201-8FC8-D277385F7AB9}.Release|x86.Build.0 = Release|Any CPU
		{41417122-0C36-473B-BC2F-F438AD9BA168}.Debug|Any CPU.ActiveCfg = Debug|Any CPU
		{41417122-0C36-473B-BC2F-F438AD9BA168}.Debug|Any CPU.Build.0 = Debug|Any CPU
		{41417122-0C36-473B-BC2F-F438AD9BA168}.Debug|x64.ActiveCfg = Debug|Any CPU
		{41417122-0C36-473B-BC2F-F438AD9BA168}.Debug|x64.Build.0 = Debug|Any CPU
		{41417122-0C36-473B-BC2F-F438AD9BA168}.Debug|x86.ActiveCfg = Debug|Any CPU
		{41417122-0C36-473B-BC2F-F438AD9BA168}.Debug|x86.Build.0 = Debug|Any CPU
		{41417122-0C36-473B-BC2F-F438AD9BA168}.Release|Any CPU.ActiveCfg = Release|Any CPU
		{41417122-0C36-473B-BC2F-F438AD9BA168}.Release|Any CPU.Build.0 = Release|Any CPU
		{41417122-0C36-473B-BC2F-F438AD9BA168}.Release|x64.ActiveCfg = Release|Any CPU
		{41417122-0C36-473B-BC2F-F438AD9BA168}.Release|x64.Build.0 = Release|Any CPU
		{41417122-0C36-473B-BC2F-F438AD9BA168}.Release|x86.ActiveCfg = Release|Any CPU
		{41417122-0C36-473B-BC2F-F438AD9BA168}.Release|x86.Build.0 = Release|Any CPU
		{B8145961-A52C-4F40-AE1B-40FD6AE80410}.Debug|Any CPU.ActiveCfg = Debug|Any CPU
		{B8145961-A52C-4F40-AE1B-40FD6AE80410}.Debug|Any CPU.Build.0 = Debug|Any CPU
		{B8145961-A52C-4F40-AE1B-40FD6AE80410}.Debug|x64.ActiveCfg = Debug|Any CPU
		{B8145961-A52C-4F40-AE1B-40FD6AE80410}.Debug|x64.Build.0 = Debug|Any CPU
		{B8145961-A52C-4F40-AE1B-40FD6AE80410}.Debug|x86.ActiveCfg = Debug|Any CPU
		{B8145961-A52C-4F40-AE1B-40FD6AE80410}.Debug|x86.Build.0 = Debug|Any CPU
		{B8145961-A52C-4F40-AE1B-40FD6AE80410}.Release|Any CPU.ActiveCfg = Release|Any CPU
		{B8145961-A52C-4F40-AE1B-40FD6AE80410}.Release|Any CPU.Build.0 = Release|Any CPU
		{B8145961-A52C-4F40-AE1B-40FD6AE80410}.Release|x64.ActiveCfg = Release|Any CPU
		{B8145961-A52C-4F40-AE1B-40FD6AE80410}.Release|x64.Build.0 = Release|Any CPU
		{B8145961-A52C-4F40-AE1B-40FD6AE80410}.Release|x86.ActiveCfg = Release|Any CPU
		{B8145961-A52C-4F40-AE1B-40FD6AE80410}.Release|x86.Build.0 = Release|Any CPU
		{558259B5-5AAE-48A3-A3D5-0F4A0A419B71}.Debug|Any CPU.ActiveCfg = Debug|Any CPU
		{558259B5-5AAE-48A3-A3D5-0F4A0A419B71}.Debug|Any CPU.Build.0 = Debug|Any CPU
		{558259B5-5AAE-48A3-A3D5-0F4A0A419B71}.Debug|x64.ActiveCfg = Debug|Any CPU
		{558259B5-5AAE-48A3-A3D5-0F4A0A419B71}.Debug|x64.Build.0 = Debug|Any CPU
		{558259B5-5AAE-48A3-A3D5-0F4A0A419B71}.Debug|x86.ActiveCfg = Debug|Any CPU
		{558259B5-5AAE-48A3-A3D5-0F4A0A419B71}.Debug|x86.Build.0 = Debug|Any CPU
		{558259B5-5AAE-48A3-A3D5-0F4A0A419B71}.Release|Any CPU.ActiveCfg = Release|Any CPU
		{558259B5-5AAE-48A3-A3D5-0F4A0A419B71}.Release|Any CPU.Build.0 = Release|Any CPU
		{558259B5-5AAE-48A3-A3D5-0F4A0A419B71}.Release|x64.ActiveCfg = Release|Any CPU
		{558259B5-5AAE-48A3-A3D5-0F4A0A419B71}.Release|x64.Build.0 = Release|Any CPU
		{558259B5-5AAE-48A3-A3D5-0F4A0A419B71}.Release|x86.ActiveCfg = Release|Any CPU
		{558259B5-5AAE-48A3-A3D5-0F4A0A419B71}.Release|x86.Build.0 = Release|Any CPU
		{8F35D34C-301F-4C90-AC48-03D72766865F}.Debug|Any CPU.ActiveCfg = Debug|Any CPU
		{8F35D34C-301F-4C90-AC48-03D72766865F}.Debug|Any CPU.Build.0 = Debug|Any CPU
		{8F35D34C-301F-4C90-AC48-03D72766865F}.Debug|x64.ActiveCfg = Debug|Any CPU
		{8F35D34C-301F-4C90-AC48-03D72766865F}.Debug|x64.Build.0 = Debug|Any CPU
		{8F35D34C-301F-4C90-AC48-03D72766865F}.Debug|x86.ActiveCfg = Debug|Any CPU
		{8F35D34C-301F-4C90-AC48-03D72766865F}.Debug|x86.Build.0 = Debug|Any CPU
		{8F35D34C-301F-4C90-AC48-03D72766865F}.Release|Any CPU.ActiveCfg = Release|Any CPU
		{8F35D34C-301F-4C90-AC48-03D72766865F}.Release|Any CPU.Build.0 = Release|Any CPU
		{8F35D34C-301F-4C90-AC48-03D72766865F}.Release|x64.ActiveCfg = Release|Any CPU
		{8F35D34C-301F-4C90-AC48-03D72766865F}.Release|x64.Build.0 = Release|Any CPU
		{8F35D34C-301F-4C90-AC48-03D72766865F}.Release|x86.ActiveCfg = Release|Any CPU
		{8F35D34C-301F-4C90-AC48-03D72766865F}.Release|x86.Build.0 = Release|Any CPU
		{2E375A27-2E80-441F-A93B-2EA352CD6AEC}.Debug|Any CPU.ActiveCfg = Debug|Any CPU
		{2E375A27-2E80-441F-A93B-2EA352CD6AEC}.Debug|Any CPU.Build.0 = Debug|Any CPU
		{2E375A27-2E80-441F-A93B-2EA352CD6AEC}.Debug|x64.ActiveCfg = Debug|Any CPU
		{2E375A27-2E80-441F-A93B-2EA352CD6AEC}.Debug|x64.Build.0 = Debug|Any CPU
		{2E375A27-2E80-441F-A93B-2EA352CD6AEC}.Debug|x86.ActiveCfg = Debug|Any CPU
		{2E375A27-2E80-441F-A93B-2EA352CD6AEC}.Debug|x86.Build.0 = Debug|Any CPU
		{2E375A27-2E80-441F-A93B-2EA352CD6AEC}.Release|Any CPU.ActiveCfg = Release|Any CPU
		{2E375A27-2E80-441F-A93B-2EA352CD6AEC}.Release|Any CPU.Build.0 = Release|Any CPU
		{2E375A27-2E80-441F-A93B-2EA352CD6AEC}.Release|x64.ActiveCfg = Release|Any CPU
		{2E375A27-2E80-441F-A93B-2EA352CD6AEC}.Release|x64.Build.0 = Release|Any CPU
		{2E375A27-2E80-441F-A93B-2EA352CD6AEC}.Release|x86.ActiveCfg = Release|Any CPU
		{2E375A27-2E80-441F-A93B-2EA352CD6AEC}.Release|x86.Build.0 = Release|Any CPU
		{C986A21B-583C-4740-98AF-307B28FF8C69}.Debug|Any CPU.ActiveCfg = Debug|Any CPU
		{C986A21B-583C-4740-98AF-307B28FF8C69}.Debug|Any CPU.Build.0 = Debug|Any CPU
		{C986A21B-583C-4740-98AF-307B28FF8C69}.Debug|x64.ActiveCfg = Debug|Any CPU
		{C986A21B-583C-4740-98AF-307B28FF8C69}.Debug|x64.Build.0 = Debug|Any CPU
		{C986A21B-583C-4740-98AF-307B28FF8C69}.Debug|x86.ActiveCfg = Debug|Any CPU
		{C986A21B-583C-4740-98AF-307B28FF8C69}.Debug|x86.Build.0 = Debug|Any CPU
		{C986A21B-583C-4740-98AF-307B28FF8C69}.Release|Any CPU.ActiveCfg = Release|Any CPU
		{C986A21B-583C-4740-98AF-307B28FF8C69}.Release|Any CPU.Build.0 = Release|Any CPU
		{C986A21B-583C-4740-98AF-307B28FF8C69}.Release|x64.ActiveCfg = Release|Any CPU
		{C986A21B-583C-4740-98AF-307B28FF8C69}.Release|x64.Build.0 = Release|Any CPU
		{C986A21B-583C-4740-98AF-307B28FF8C69}.Release|x86.ActiveCfg = Release|Any CPU
		{C986A21B-583C-4740-98AF-307B28FF8C69}.Release|x86.Build.0 = Release|Any CPU
		{5DCBFB4C-FD5C-448D-B6AA-98B5032F4E60}.Debug|Any CPU.ActiveCfg = Debug|Any CPU
		{5DCBFB4C-FD5C-448D-B6AA-98B5032F4E60}.Debug|Any CPU.Build.0 = Debug|Any CPU
		{5DCBFB4C-FD5C-448D-B6AA-98B5032F4E60}.Debug|x64.ActiveCfg = Debug|Any CPU
		{5DCBFB4C-FD5C-448D-B6AA-98B5032F4E60}.Debug|x64.Build.0 = Debug|Any CPU
		{5DCBFB4C-FD5C-448D-B6AA-98B5032F4E60}.Debug|x86.ActiveCfg = Debug|Any CPU
		{5DCBFB4C-FD5C-448D-B6AA-98B5032F4E60}.Debug|x86.Build.0 = Debug|Any CPU
		{5DCBFB4C-FD5C-448D-B6AA-98B5032F4E60}.Release|Any CPU.ActiveCfg = Release|Any CPU
		{5DCBFB4C-FD5C-448D-B6AA-98B5032F4E60}.Release|Any CPU.Build.0 = Release|Any CPU
		{5DCBFB4C-FD5C-448D-B6AA-98B5032F4E60}.Release|x64.ActiveCfg = Release|Any CPU
		{5DCBFB4C-FD5C-448D-B6AA-98B5032F4E60}.Release|x64.Build.0 = Release|Any CPU
		{5DCBFB4C-FD5C-448D-B6AA-98B5032F4E60}.Release|x86.ActiveCfg = Release|Any CPU
		{5DCBFB4C-FD5C-448D-B6AA-98B5032F4E60}.Release|x86.Build.0 = Release|Any CPU
		{BCC172BD-DDA0-4159-B3B4-35A10049B181}.Debug|Any CPU.ActiveCfg = Debug|Any CPU
		{BCC172BD-DDA0-4159-B3B4-35A10049B181}.Debug|Any CPU.Build.0 = Debug|Any CPU
		{BCC172BD-DDA0-4159-B3B4-35A10049B181}.Debug|x64.ActiveCfg = Debug|Any CPU
		{BCC172BD-DDA0-4159-B3B4-35A10049B181}.Debug|x64.Build.0 = Debug|Any CPU
		{BCC172BD-DDA0-4159-B3B4-35A10049B181}.Debug|x86.ActiveCfg = Debug|Any CPU
		{BCC172BD-DDA0-4159-B3B4-35A10049B181}.Debug|x86.Build.0 = Debug|Any CPU
		{BCC172BD-DDA0-4159-B3B4-35A10049B181}.Release|Any CPU.ActiveCfg = Release|Any CPU
		{BCC172BD-DDA0-4159-B3B4-35A10049B181}.Release|Any CPU.Build.0 = Release|Any CPU
		{BCC172BD-DDA0-4159-B3B4-35A10049B181}.Release|x64.ActiveCfg = Release|Any CPU
		{BCC172BD-DDA0-4159-B3B4-35A10049B181}.Release|x64.Build.0 = Release|Any CPU
		{BCC172BD-DDA0-4159-B3B4-35A10049B181}.Release|x86.ActiveCfg = Release|Any CPU
		{BCC172BD-DDA0-4159-B3B4-35A10049B181}.Release|x86.Build.0 = Release|Any CPU
		{86778628-43D5-44B3-A62E-698DF368E146}.Debug|Any CPU.ActiveCfg = Debug|Any CPU
		{86778628-43D5-44B3-A62E-698DF368E146}.Debug|Any CPU.Build.0 = Debug|Any CPU
		{86778628-43D5-44B3-A62E-698DF368E146}.Debug|x64.ActiveCfg = Debug|Any CPU
		{86778628-43D5-44B3-A62E-698DF368E146}.Debug|x64.Build.0 = Debug|Any CPU
		{86778628-43D5-44B3-A62E-698DF368E146}.Debug|x86.ActiveCfg = Debug|Any CPU
		{86778628-43D5-44B3-A62E-698DF368E146}.Debug|x86.Build.0 = Debug|Any CPU
		{86778628-43D5-44B3-A62E-698DF368E146}.Release|Any CPU.ActiveCfg = Release|Any CPU
		{86778628-43D5-44B3-A62E-698DF368E146}.Release|Any CPU.Build.0 = Release|Any CPU
		{86778628-43D5-44B3-A62E-698DF368E146}.Release|x64.ActiveCfg = Release|Any CPU
		{86778628-43D5-44B3-A62E-698DF368E146}.Release|x64.Build.0 = Release|Any CPU
		{86778628-43D5-44B3-A62E-698DF368E146}.Release|x86.ActiveCfg = Release|Any CPU
		{86778628-43D5-44B3-A62E-698DF368E146}.Release|x86.Build.0 = Release|Any CPU
		{66085BD6-5330-43D3-9E9C-351DFC9235B8}.Debug|Any CPU.ActiveCfg = Debug|Any CPU
		{66085BD6-5330-43D3-9E9C-351DFC9235B8}.Debug|Any CPU.Build.0 = Debug|Any CPU
		{66085BD6-5330-43D3-9E9C-351DFC9235B8}.Debug|x64.ActiveCfg = Debug|Any CPU
		{66085BD6-5330-43D3-9E9C-351DFC9235B8}.Debug|x64.Build.0 = Debug|Any CPU
		{66085BD6-5330-43D3-9E9C-351DFC9235B8}.Debug|x86.ActiveCfg = Debug|Any CPU
		{66085BD6-5330-43D3-9E9C-351DFC9235B8}.Debug|x86.Build.0 = Debug|Any CPU
		{66085BD6-5330-43D3-9E9C-351DFC9235B8}.Release|Any CPU.ActiveCfg = Release|Any CPU
		{66085BD6-5330-43D3-9E9C-351DFC9235B8}.Release|Any CPU.Build.0 = Release|Any CPU
		{66085BD6-5330-43D3-9E9C-351DFC9235B8}.Release|x64.ActiveCfg = Release|Any CPU
		{66085BD6-5330-43D3-9E9C-351DFC9235B8}.Release|x64.Build.0 = Release|Any CPU
		{66085BD6-5330-43D3-9E9C-351DFC9235B8}.Release|x86.ActiveCfg = Release|Any CPU
		{66085BD6-5330-43D3-9E9C-351DFC9235B8}.Release|x86.Build.0 = Release|Any CPU
		{7CF5007B-E91B-40E6-8721-E0A3B9BD2CAD}.Debug|Any CPU.ActiveCfg = Debug|Any CPU
		{7CF5007B-E91B-40E6-8721-E0A3B9BD2CAD}.Debug|Any CPU.Build.0 = Debug|Any CPU
		{7CF5007B-E91B-40E6-8721-E0A3B9BD2CAD}.Debug|x64.ActiveCfg = Debug|Any CPU
		{7CF5007B-E91B-40E6-8721-E0A3B9BD2CAD}.Debug|x64.Build.0 = Debug|Any CPU
		{7CF5007B-E91B-40E6-8721-E0A3B9BD2CAD}.Debug|x86.ActiveCfg = Debug|Any CPU
		{7CF5007B-E91B-40E6-8721-E0A3B9BD2CAD}.Debug|x86.Build.0 = Debug|Any CPU
		{7CF5007B-E91B-40E6-8721-E0A3B9BD2CAD}.Release|Any CPU.ActiveCfg = Release|Any CPU
		{7CF5007B-E91B-40E6-8721-E0A3B9BD2CAD}.Release|Any CPU.Build.0 = Release|Any CPU
		{7CF5007B-E91B-40E6-8721-E0A3B9BD2CAD}.Release|x64.ActiveCfg = Release|Any CPU
		{7CF5007B-E91B-40E6-8721-E0A3B9BD2CAD}.Release|x64.Build.0 = Release|Any CPU
		{7CF5007B-E91B-40E6-8721-E0A3B9BD2CAD}.Release|x86.ActiveCfg = Release|Any CPU
		{7CF5007B-E91B-40E6-8721-E0A3B9BD2CAD}.Release|x86.Build.0 = Release|Any CPU
		{32BF90FC-7696-4A19-8BFE-FFC1040203E6}.Debug|Any CPU.ActiveCfg = Debug|Any CPU
		{32BF90FC-7696-4A19-8BFE-FFC1040203E6}.Debug|Any CPU.Build.0 = Debug|Any CPU
		{32BF90FC-7696-4A19-8BFE-FFC1040203E6}.Debug|x64.ActiveCfg = Debug|Any CPU
		{32BF90FC-7696-4A19-8BFE-FFC1040203E6}.Debug|x64.Build.0 = Debug|Any CPU
		{32BF90FC-7696-4A19-8BFE-FFC1040203E6}.Debug|x86.ActiveCfg = Debug|Any CPU
		{32BF90FC-7696-4A19-8BFE-FFC1040203E6}.Debug|x86.Build.0 = Debug|Any CPU
		{32BF90FC-7696-4A19-8BFE-FFC1040203E6}.Release|Any CPU.ActiveCfg = Release|Any CPU
		{32BF90FC-7696-4A19-8BFE-FFC1040203E6}.Release|Any CPU.Build.0 = Release|Any CPU
		{32BF90FC-7696-4A19-8BFE-FFC1040203E6}.Release|x64.ActiveCfg = Release|Any CPU
		{32BF90FC-7696-4A19-8BFE-FFC1040203E6}.Release|x64.Build.0 = Release|Any CPU
		{32BF90FC-7696-4A19-8BFE-FFC1040203E6}.Release|x86.ActiveCfg = Release|Any CPU
		{32BF90FC-7696-4A19-8BFE-FFC1040203E6}.Release|x86.Build.0 = Release|Any CPU
		{FB4773A9-34B9-448B-89C9-056F737F5FF2}.Debug|Any CPU.ActiveCfg = Debug|Any CPU
		{FB4773A9-34B9-448B-89C9-056F737F5FF2}.Debug|Any CPU.Build.0 = Debug|Any CPU
		{FB4773A9-34B9-448B-89C9-056F737F5FF2}.Debug|x64.ActiveCfg = Debug|Any CPU
		{FB4773A9-34B9-448B-89C9-056F737F5FF2}.Debug|x64.Build.0 = Debug|Any CPU
		{FB4773A9-34B9-448B-89C9-056F737F5FF2}.Debug|x86.ActiveCfg = Debug|Any CPU
		{FB4773A9-34B9-448B-89C9-056F737F5FF2}.Debug|x86.Build.0 = Debug|Any CPU
		{FB4773A9-34B9-448B-89C9-056F737F5FF2}.Release|Any CPU.ActiveCfg = Release|Any CPU
		{FB4773A9-34B9-448B-89C9-056F737F5FF2}.Release|Any CPU.Build.0 = Release|Any CPU
		{FB4773A9-34B9-448B-89C9-056F737F5FF2}.Release|x64.ActiveCfg = Release|Any CPU
		{FB4773A9-34B9-448B-89C9-056F737F5FF2}.Release|x64.Build.0 = Release|Any CPU
		{FB4773A9-34B9-448B-89C9-056F737F5FF2}.Release|x86.ActiveCfg = Release|Any CPU
		{FB4773A9-34B9-448B-89C9-056F737F5FF2}.Release|x86.Build.0 = Release|Any CPU
		{1CC353FE-63E6-45FA-8D40-5C6A3E492576}.Debug|Any CPU.ActiveCfg = Debug|Any CPU
		{1CC353FE-63E6-45FA-8D40-5C6A3E492576}.Debug|Any CPU.Build.0 = Debug|Any CPU
		{1CC353FE-63E6-45FA-8D40-5C6A3E492576}.Debug|x64.ActiveCfg = Debug|Any CPU
		{1CC353FE-63E6-45FA-8D40-5C6A3E492576}.Debug|x64.Build.0 = Debug|Any CPU
		{1CC353FE-63E6-45FA-8D40-5C6A3E492576}.Debug|x86.ActiveCfg = Debug|Any CPU
		{1CC353FE-63E6-45FA-8D40-5C6A3E492576}.Debug|x86.Build.0 = Debug|Any CPU
		{1CC353FE-63E6-45FA-8D40-5C6A3E492576}.Release|Any CPU.ActiveCfg = Release|Any CPU
		{1CC353FE-63E6-45FA-8D40-5C6A3E492576}.Release|Any CPU.Build.0 = Release|Any CPU
		{1CC353FE-63E6-45FA-8D40-5C6A3E492576}.Release|x64.ActiveCfg = Release|Any CPU
		{1CC353FE-63E6-45FA-8D40-5C6A3E492576}.Release|x64.Build.0 = Release|Any CPU
		{1CC353FE-63E6-45FA-8D40-5C6A3E492576}.Release|x86.ActiveCfg = Release|Any CPU
		{1CC353FE-63E6-45FA-8D40-5C6A3E492576}.Release|x86.Build.0 = Release|Any CPU
	EndGlobalSection
	GlobalSection(SolutionProperties) = preSolution
		HideSolutionNode = FALSE
	EndGlobalSection
EndGlobal
