
Microsoft Visual Studio Solution File, Format Version 12.00
# Visual Studio Version 17
VisualStudioVersion = 17.0.31903.59
MinimumVisualStudioVersion = 10.0.40219.1
Project("{FAE04EC0-301F-11D3-BF4B-00C04F79EFBC}") = "RabbitCommon", "RabbitCommon\RabbitCommon.csproj", "{B6B2B220-995E-48D6-B8FF-6830025213DC}"
EndProject
Project("{FAE04EC0-301F-11D3-BF4B-00C04F79EFBC}") = "RabbitCommon.Tests", "RabbitCommon.Tests\RabbitCommon.Tests.csproj", "{E53BEE9D-3027-447B-9E13-79F2B4D6BFD0}"
EndProject
Global
	GlobalSection(SolutionConfigurationPlatforms) = preSolution
		Debug|Any CPU = Debug|Any CPU
		Debug|x64 = Debug|x64
		Debug|x86 = Debug|x86
		Release|Any CPU = Release|Any CPU
		Release|x64 = Release|x64
		Release|x86 = Release|x86
	EndGlobalSection
	GlobalSection(ProjectConfigurationPlatforms) = postSolution
		{B6B2B220-995E-48D6-B8FF-6830025213DC}.Debug|Any CPU.ActiveCfg = Debug|Any CPU
		{B6B2B220-995E-48D6-B8FF-6830025213DC}.Debug|Any CPU.Build.0 = Debug|Any CPU
		{B6B2B220-995E-48D6-B8FF-6830025213DC}.Debug|x64.ActiveCfg = Debug|Any CPU
		{B6B2B220-995E-48D6-B8FF-6830025213DC}.Debug|x64.Build.0 = Debug|Any CPU
		{B6B2B220-995E-48D6-B8FF-6830025213DC}.Debug|x86.ActiveCfg = Debug|Any CPU
		{B6B2B220-995E-48D6-B8FF-6830025213DC}.Debug|x86.Build.0 = Debug|Any CPU
		{B6B2B220-995E-48D6-B8FF-6830025213DC}.Release|Any CPU.ActiveCfg = Release|Any CPU
		{B6B2B220-995E-48D6-B8FF-6830025213DC}.Release|Any CPU.Build.0 = Release|Any CPU
		{B6B2B220-995E-48D6-B8FF-6830025213DC}.Release|x64.ActiveCfg = Release|Any CPU
		{B6B2B220-995E-48D6-B8FF-6830025213DC}.Release|x64.Build.0 = Release|Any CPU
		{B6B2B220-995E-48D6-B8FF-6830025213DC}.Release|x86.ActiveCfg = Release|Any CPU
		{B6B2B220-995E-48D6-B8FF-6830025213DC}.Release|x86.Build.0 = Release|Any CPU
		{E53BEE9D-3027-447B-9E13-79F2B4D6BFD0}.Debug|Any CPU.ActiveCfg = Debug|Any CPU
		{E53BEE9D-3027-447B-9E13-79F2B4D6BFD0}.Debug|Any CPU.Build.0 = Debug|Any CPU
		{E53BEE9D-3027-447B-9E13-79F2B4D6BFD0}.Debug|x64.ActiveCfg = Debug|Any CPU
		{E53BEE9D-3027-447B-9E13-79F2B4D6BFD0}.Debug|x64.Build.0 = Debug|Any CPU
		{E53BEE9D-3027-447B-9E13-79F2B4D6BFD0}.Debug|x86.ActiveCfg = Debug|Any CPU
		{E53BEE9D-3027-447B-9E13-79F2B4D6BFD0}.Debug|x86.Build.0 = Debug|Any CPU
		{E53BEE9D-3027-447B-9E13-79F2B4D6BFD0}.Release|Any CPU.ActiveCfg = Release|Any CPU
		{E53BEE9D-3027-447B-9E13-79F2B4D6BFD0}.Release|Any CPU.Build.0 = Release|Any CPU
		{E53BEE9D-3027-447B-9E13-79F2B4D6BFD0}.Release|x64.ActiveCfg = Release|Any CPU
		{E53BEE9D-3027-447B-9E13-79F2B4D6BFD0}.Release|x64.Build.0 = Release|Any CPU
		{E53BEE9D-3027-447B-9E13-79F2B4D6BFD0}.Release|x86.ActiveCfg = Release|Any CPU
		{E53BEE9D-3027-447B-9E13-79F2B4D6BFD0}.Release|x86.Build.0 = Release|Any CPU
	EndGlobalSection
	GlobalSection(SolutionProperties) = preSolution
		HideSolutionNode = FALSE
	EndGlobalSection
EndGlobal
